
Microsoft Visual Studio Solution File, Format Version 11.00
# Visual Studio 2010
Project("{FAE04EC0-301F-11D3-BF4B-00C04F79EFBC}") = "HelloWorld", "HelloWorld.csproj", "{F495DF92-6018-4C30-A72D-1B63BB3F5054}"
EndProject
Global
	GlobalSection(SolutionConfigurationPlatforms) = preSolution
		Debug|iPhoneSimulator = Debug|iPhoneSimulator
		Release|iPhoneSimulator = Release|iPhoneSimulator
		Debug|iPhone = Debug|iPhone
		Release|iPhone = Release|iPhone
		Ad-Hoc|iPhone = Ad-Hoc|iPhone
		AppStore|iPhone = AppStore|iPhone
	EndGlobalSection
	GlobalSection(ProjectConfigurationPlatforms) = postSolution
		{F495DF92-6018-4C30-A72D-1B63BB3F5054}.Ad-Hoc|iPhone.ActiveCfg = Ad-Hoc|iPhone
		{F495DF92-6018-4C30-A72D-1B63BB3F5054}.Ad-Hoc|iPhone.Build.0 = Ad-Hoc|iPhone
		{F495DF92-6018-4C30-A72D-1B63BB3F5054}.AppStore|iPhone.ActiveCfg = AppStore|iPhone
		{F495DF92-6018-4C30-A72D-1B63BB3F5054}.AppStore|iPhone.Build.0 = AppStore|iPhone
		{F495DF92-6018-4C30-A72D-1B63BB3F5054}.Debug|iPhone.ActiveCfg = Debug|iPhone
		{F495DF92-6018-4C30-A72D-1B63BB3F5054}.Debug|iPhone.Build.0 = Debug|iPhone
		{F495DF92-6018-4C30-A72D-1B63BB3F5054}.Debug|iPhoneSimulator.ActiveCfg = Debug|iPhoneSimulator
		{F495DF92-6018-4C30-A72D-1B63BB3F5054}.Debug|iPhoneSimulator.Build.0 = Debug|iPhoneSimulator
		{F495DF92-6018-4C30-A72D-1B63BB3F5054}.Release|iPhone.ActiveCfg = Release|iPhone
		{F495DF92-6018-4C30-A72D-1B63BB3F5054}.Release|iPhone.Build.0 = Release|iPhone
		{F495DF92-6018-4C30-A72D-1B63BB3F5054}.Release|iPhoneSimulator.ActiveCfg = Release|iPhoneSimulator
		{F495DF92-6018-4C30-A72D-1B63BB3F5054}.Release|iPhoneSimulator.Build.0 = Release|iPhoneSimulator
	EndGlobalSection
	GlobalSection(MonoDevelopProperties) = preSolution
		StartupItem = HelloWorld.csproj
	EndGlobalSection
EndGlobal
